
Microsoft Visual Studio Solution File, Format Version 12.00
# Visual Studio 15
VisualStudioVersion = 15.0.28010.2026
MinimumVisualStudioVersion = 10.0.40219.1
Project("{FAE04EC0-301F-11D3-BF4B-00C04F79EFBC}") = "CsvReadWriteUtility.Abstractions", "CsvReadWriteUtility.Abstractions\CsvReadWriteUtility.Abstractions.csproj", "{E0DBC804-344D-43BE-8B53-D36B0E08135C}"
EndProject
Project("{FAE04EC0-301F-11D3-BF4B-00C04F79EFBC}") = "CsvReadWriteUtility.Implementation", "CsvReadWriteUtility.Implementation\CsvReadWriteUtility.Implementation.csproj", "{959799C5-BAD6-4082-8E6A-1A04842B000F}"
EndProject
Global
	GlobalSection(SolutionConfigurationPlatforms) = preSolution
		Debug|Any CPU = Debug|Any CPU
		Release|Any CPU = Release|Any CPU
	EndGlobalSection
	GlobalSection(ProjectConfigurationPlatforms) = postSolution
		{E0DBC804-344D-43BE-8B53-D36B0E08135C}.Debug|Any CPU.ActiveCfg = Debug|Any CPU
		{E0DBC804-344D-43BE-8B53-D36B0E08135C}.Debug|Any CPU.Build.0 = Debug|Any CPU
		{E0DBC804-344D-43BE-8B53-D36B0E08135C}.Release|Any CPU.ActiveCfg = Release|Any CPU
		{E0DBC804-344D-43BE-8B53-D36B0E08135C}.Release|Any CPU.Build.0 = Release|Any CPU
		{959799C5-BAD6-4082-8E6A-1A04842B000F}.Debug|Any CPU.ActiveCfg = Debug|Any CPU
		{959799C5-BAD6-4082-8E6A-1A04842B000F}.Debug|Any CPU.Build.0 = Debug|Any CPU
		{959799C5-BAD6-4082-8E6A-1A04842B000F}.Release|Any CPU.ActiveCfg = Release|Any CPU
		{959799C5-BAD6-4082-8E6A-1A04842B000F}.Release|Any CPU.Build.0 = Release|Any CPU
	EndGlobalSection
	GlobalSection(SolutionProperties) = preSolution
		HideSolutionNode = FALSE
	EndGlobalSection
	GlobalSection(ExtensibilityGlobals) = postSolution
		SolutionGuid = {4EB3DE5A-7C76-40FA-97AF-C01DA765B6FC}
	EndGlobalSection
EndGlobal
