
Microsoft Visual Studio Solution File, Format Version 12.00
# Visual Studio 15
VisualStudioVersion = 15.0.28010.2026
MinimumVisualStudioVersion = 10.0.40219.1
Project("{FAE04EC0-301F-11D3-BF4B-00C04F79EFBC}") = "CsvReadWriteUtility.Abstractions", "CsvReadWriteUtility.Abstractions\CsvReadWriteUtility.Abstractions.csproj", "{E0DBC804-344D-43BE-8B53-D36B0E08135C}"
EndProject
Project("{FAE04EC0-301F-11D3-BF4B-00C04F79EFBC}") = "CsvReadWriteUtility.Implementation", "CsvReadWriteUtility.Implementation\CsvReadWriteUtility.Implementation.csproj", "{959799C5-BAD6-4082-8E6A-1A04842B000F}"
EndProject
Project("{FAE04EC0-301F-11D3-BF4B-00C04F79EFBC}") = "ServerLogGrowthTracker.Abstraction", "ServerLogFiles.Abstraction\ServerLogGrowthTracker.Abstraction.csproj", "{F6E676BF-2278-4083-B13E-A51B01FE1CE5}"
EndProject
Project("{FAE04EC0-301F-11D3-BF4B-00C04F79EFBC}") = "ServerLogGrowthTracker.Implementation", "ServerLogGrowthTracker.Implementation\ServerLogGrowthTracker.Implementation.csproj", "{EC0FBBC9-5E8D-4B1A-96AC-E3AF6B15F61D}"
EndProject
Project("{FAE04EC0-301F-11D3-BF4B-00C04F79EFBC}") = "ServerLogMonitoringSystem.Tests", "ServerLogMonitoringSystem.Tests\ServerLogMonitoringSystem.Tests.csproj", "{2CB20017-62A5-4AAB-9629-4B3CF0588546}"
EndProject
Project("{FAE04EC0-301F-11D3-BF4B-00C04F79EFBC}") = "ServerLogSizeMonitoring.Console", "ServerLogSizeMonitoring.Console\ServerLogSizeMonitoring.Console.csproj", "{2929577F-3A83-4412-B7D5-1A1E3870BBA0}"
EndProject
Global
	GlobalSection(SolutionConfigurationPlatforms) = preSolution
		Debug|Any CPU = Debug|Any CPU
		Release|Any CPU = Release|Any CPU
	EndGlobalSection
	GlobalSection(ProjectConfigurationPlatforms) = postSolution
		{E0DBC804-344D-43BE-8B53-D36B0E08135C}.Debug|Any CPU.ActiveCfg = Debug|Any CPU
		{E0DBC804-344D-43BE-8B53-D36B0E08135C}.Debug|Any CPU.Build.0 = Debug|Any CPU
		{E0DBC804-344D-43BE-8B53-D36B0E08135C}.Release|Any CPU.ActiveCfg = Release|Any CPU
		{E0DBC804-344D-43BE-8B53-D36B0E08135C}.Release|Any CPU.Build.0 = Release|Any CPU
		{959799C5-BAD6-4082-8E6A-1A04842B000F}.Debug|Any CPU.ActiveCfg = Debug|Any CPU
		{959799C5-BAD6-4082-8E6A-1A04842B000F}.Debug|Any CPU.Build.0 = Debug|Any CPU
		{959799C5-BAD6-4082-8E6A-1A04842B000F}.Release|Any CPU.ActiveCfg = Release|Any CPU
		{959799C5-BAD6-4082-8E6A-1A04842B000F}.Release|Any CPU.Build.0 = Release|Any CPU
		{F6E676BF-2278-4083-B13E-A51B01FE1CE5}.Debug|Any CPU.ActiveCfg = Debug|Any CPU
		{F6E676BF-2278-4083-B13E-A51B01FE1CE5}.Debug|Any CPU.Build.0 = Debug|Any CPU
		{F6E676BF-2278-4083-B13E-A51B01FE1CE5}.Release|Any CPU.ActiveCfg = Release|Any CPU
		{F6E676BF-2278-4083-B13E-A51B01FE1CE5}.Release|Any CPU.Build.0 = Release|Any CPU
		{EC0FBBC9-5E8D-4B1A-96AC-E3AF6B15F61D}.Debug|Any CPU.ActiveCfg = Debug|Any CPU
		{EC0FBBC9-5E8D-4B1A-96AC-E3AF6B15F61D}.Debug|Any CPU.Build.0 = Debug|Any CPU
		{EC0FBBC9-5E8D-4B1A-96AC-E3AF6B15F61D}.Release|Any CPU.ActiveCfg = Release|Any CPU
		{EC0FBBC9-5E8D-4B1A-96AC-E3AF6B15F61D}.Release|Any CPU.Build.0 = Release|Any CPU
		{2CB20017-62A5-4AAB-9629-4B3CF0588546}.Debug|Any CPU.ActiveCfg = Debug|Any CPU
		{2CB20017-62A5-4AAB-9629-4B3CF0588546}.Debug|Any CPU.Build.0 = Debug|Any CPU
		{2CB20017-62A5-4AAB-9629-4B3CF0588546}.Release|Any CPU.ActiveCfg = Release|Any CPU
		{2CB20017-62A5-4AAB-9629-4B3CF0588546}.Release|Any CPU.Build.0 = Release|Any CPU
		{2929577F-3A83-4412-B7D5-1A1E3870BBA0}.Debug|Any CPU.ActiveCfg = Debug|Any CPU
		{2929577F-3A83-4412-B7D5-1A1E3870BBA0}.Debug|Any CPU.Build.0 = Debug|Any CPU
		{2929577F-3A83-4412-B7D5-1A1E3870BBA0}.Release|Any CPU.ActiveCfg = Release|Any CPU
		{2929577F-3A83-4412-B7D5-1A1E3870BBA0}.Release|Any CPU.Build.0 = Release|Any CPU
	EndGlobalSection
	GlobalSection(SolutionProperties) = preSolution
		HideSolutionNode = FALSE
	EndGlobalSection
	GlobalSection(ExtensibilityGlobals) = postSolution
		SolutionGuid = {4EB3DE5A-7C76-40FA-97AF-C01DA765B6FC}
	EndGlobalSection
EndGlobal
